// !$*UTF8*$!
{
	archiveVersion = 1;
	classes = {
	};
	objectVersion = 48;
	objects = {

/* Begin PBXBuildFile section */
		D04F714A1FF5B9C7007BBFBB /* LocCellTableViewCell.swift in Sources */ = {isa = PBXBuildFile; fileRef = D04F71491FF5B9C7007BBFBB /* LocCellTableViewCell.swift */; };
		D06E81551FB7CF7B00D7572B /* AppDelegate.swift in Sources */ = {isa = PBXBuildFile; fileRef = D06E81541FB7CF7B00D7572B /* AppDelegate.swift */; };
		D06E815A1FB7CF7B00D7572B /* Main.storyboard in Resources */ = {isa = PBXBuildFile; fileRef = D06E81581FB7CF7B00D7572B /* Main.storyboard */; };
		D06E815D1FB7CF7B00D7572B /* Weather.xcdatamodeld in Sources */ = {isa = PBXBuildFile; fileRef = D06E815B1FB7CF7B00D7572B /* Weather.xcdatamodeld */; };
		D06E815F1FB7CF7B00D7572B /* Assets.xcassets in Resources */ = {isa = PBXBuildFile; fileRef = D06E815E1FB7CF7B00D7572B /* Assets.xcassets */; };
		D06E81621FB7CF7B00D7572B /* LaunchScreen.storyboard in Resources */ = {isa = PBXBuildFile; fileRef = D06E81601FB7CF7B00D7572B /* LaunchScreen.storyboard */; };
		D06E816C1FB7D08300D7572B /* LocationModel.swift in Sources */ = {isa = PBXBuildFile; fileRef = D06E816A1FB7D08300D7572B /* LocationModel.swift */; };
		D06E816D1FB7D08300D7572B /* Weather.swift in Sources */ = {isa = PBXBuildFile; fileRef = D06E816B1FB7D08300D7572B /* Weather.swift */; };
		D06E81741FB7D7C600D7572B /* MoreTableViewController.swift in Sources */ = {isa = PBXBuildFile; fileRef = D06E81731FB7D7C600D7572B /* MoreTableViewController.swift */; };
		D06E81761FB7D83800D7572B /* CitiesTableViewCell.swift in Sources */ = {isa = PBXBuildFile; fileRef = D06E81751FB7D83800D7572B /* CitiesTableViewCell.swift */; };
		D06E81781FB7D87300D7572B /* AddTableViewCell.swift in Sources */ = {isa = PBXBuildFile; fileRef = D06E81771FB7D87300D7572B /* AddTableViewCell.swift */; };
		D06E817A1FB7D89400D7572B /* AddLocationTableViewCell.swift in Sources */ = {isa = PBXBuildFile; fileRef = D06E81791FB7D89400D7572B /* AddLocationTableViewCell.swift */; };
		D06E817C1FB7D8DC00D7572B /* LocationViewController.swift in Sources */ = {isa = PBXBuildFile; fileRef = D06E817B1FB7D8DC00D7572B /* LocationViewController.swift */; };
		D06E817E1FB7D91C00D7572B /* WeatherViewController.swift in Sources */ = {isa = PBXBuildFile; fileRef = D06E817D1FB7D91C00D7572B /* WeatherViewController.swift */; };
		D06E81801FB7DF1A00D7572B /* PageViewController.swift in Sources */ = {isa = PBXBuildFile; fileRef = D06E817F1FB7DF1A00D7572B /* PageViewController.swift */; };
		D06E81821FB817B100D7572B /* ViewController.swift in Sources */ = {isa = PBXBuildFile; fileRef = D06E81811FB817B100D7572B /* ViewController.swift */; };
		D0FCAE6F1FF75C38003BD3D0 /* HourTableViewCell.swift in Sources */ = {isa = PBXBuildFile; fileRef = D0FCAE6E1FF75C38003BD3D0 /* HourTableViewCell.swift */; };
		D0FCAE711FF75C54003BD3D0 /* HourCollectionViewCell.swift in Sources */ = {isa = PBXBuildFile; fileRef = D0FCAE701FF75C54003BD3D0 /* HourCollectionViewCell.swift */; };
/* End PBXBuildFile section */

/* Begin PBXFileReference section */
		D04F71491FF5B9C7007BBFBB /* LocCellTableViewCell.swift */ = {isa = PBXFileReference; lastKnownFileType = sourcecode.swift; path = LocCellTableViewCell.swift; sourceTree = "<group>"; };
		D06E81511FB7CF7B00D7572B /* Weather.app */ = {isa = PBXFileReference; explicitFileType = wrapper.application; includeInIndex = 0; path = Weather.app; sourceTree = BUILT_PRODUCTS_DIR; };
		D06E81541FB7CF7B00D7572B /* AppDelegate.swift */ = {isa = PBXFileReference; lastKnownFileType = sourcecode.swift; path = AppDelegate.swift; sourceTree = "<group>"; };
		D06E81591FB7CF7B00D7572B /* Base */ = {isa = PBXFileReference; lastKnownFileType = file.storyboard; name = Base; path = Base.lproj/Main.storyboard; sourceTree = "<group>"; };
		D06E815C1FB7CF7B00D7572B /* Weather.xcdatamodel */ = {isa = PBXFileReference; lastKnownFileType = wrapper.xcdatamodel; path = Weather.xcdatamodel; sourceTree = "<group>"; };
		D06E815E1FB7CF7B00D7572B /* Assets.xcassets */ = {isa = PBXFileReference; lastKnownFileType = folder.assetcatalog; path = Assets.xcassets; sourceTree = "<group>"; };
		D06E81611FB7CF7B00D7572B /* Base */ = {isa = PBXFileReference; lastKnownFileType = file.storyboard; name = Base; path = Base.lproj/LaunchScreen.storyboard; sourceTree = "<group>"; };
		D06E81631FB7CF7B00D7572B /* Info.plist */ = {isa = PBXFileReference; lastKnownFileType = text.plist.xml; path = Info.plist; sourceTree = "<group>"; };
		D06E816A1FB7D08300D7572B /* LocationModel.swift */ = {isa = PBXFileReference; fileEncoding = 4; lastKnownFileType = sourcecode.swift; path = LocationModel.swift; sourceTree = "<group>"; };
		D06E816B1FB7D08300D7572B /* Weather.swift */ = {isa = PBXFileReference; fileEncoding = 4; lastKnownFileType = sourcecode.swift; path = Weather.swift; sourceTree = "<group>"; };
		D06E81731FB7D7C600D7572B /* MoreTableViewController.swift */ = {isa = PBXFileReference; lastKnownFileType = sourcecode.swift; path = MoreTableViewController.swift; sourceTree = "<group>"; };
		D06E81751FB7D83800D7572B /* CitiesTableViewCell.swift */ = {isa = PBXFileReference; lastKnownFileType = sourcecode.swift; path = CitiesTableViewCell.swift; sourceTree = "<group>"; };
		D06E81771FB7D87300D7572B /* AddTableViewCell.swift */ = {isa = PBXFileReference; lastKnownFileType = sourcecode.swift; path = AddTableViewCell.swift; sourceTree = "<group>"; };
		D06E81791FB7D89400D7572B /* AddLocationTableViewCell.swift */ = {isa = PBXFileReference; lastKnownFileType = sourcecode.swift; path = AddLocationTableViewCell.swift; sourceTree = "<group>"; };
		D06E817B1FB7D8DC00D7572B /* LocationViewController.swift */ = {isa = PBXFileReference; lastKnownFileType = sourcecode.swift; path = LocationViewController.swift; sourceTree = "<group>"; };
		D06E817D1FB7D91C00D7572B /* WeatherViewController.swift */ = {isa = PBXFileReference; lastKnownFileType = sourcecode.swift; path = WeatherViewController.swift; sourceTree = "<group>"; };
		D06E817F1FB7DF1A00D7572B /* PageViewController.swift */ = {isa = PBXFileReference; lastKnownFileType = sourcecode.swift; path = PageViewController.swift; sourceTree = "<group>"; };
		D06E81811FB817B100D7572B /* ViewController.swift */ = {isa = PBXFileReference; lastKnownFileType = sourcecode.swift; path = ViewController.swift; sourceTree = "<group>"; };
		D0FCAE6E1FF75C38003BD3D0 /* HourTableViewCell.swift */ = {isa = PBXFileReference; lastKnownFileType = sourcecode.swift; path = HourTableViewCell.swift; sourceTree = "<group>"; };
		D0FCAE701FF75C54003BD3D0 /* HourCollectionViewCell.swift */ = {isa = PBXFileReference; lastKnownFileType = sourcecode.swift; path = HourCollectionViewCell.swift; sourceTree = "<group>"; };
/* End PBXFileReference section */

/* Begin PBXFrameworksBuildPhase section */
		D06E814E1FB7CF7B00D7572B /* Frameworks */ = {
			isa = PBXFrameworksBuildPhase;
			buildActionMask = 2147483647;
			files = (
			);
			runOnlyForDeploymentPostprocessing = 0;
		};
/* End PBXFrameworksBuildPhase section */

/* Begin PBXGroup section */
		D06E81481FB7CF7B00D7572B = {
			isa = PBXGroup;
			children = (
				D06E81531FB7CF7B00D7572B /* Weather */,
				D06E81521FB7CF7B00D7572B /* Products */,
			);
			sourceTree = "<group>";
		};
		D06E81521FB7CF7B00D7572B /* Products */ = {
			isa = PBXGroup;
			children = (
				D06E81511FB7CF7B00D7572B /* Weather.app */,
			);
			name = Products;
			sourceTree = "<group>";
		};
		D06E81531FB7CF7B00D7572B /* Weather */ = {
			isa = PBXGroup;
			children = (
				D06E81721FB7D79800D7572B /* Controller */,
				D06E81691FB7D07000D7572B /* Model */,
				D06E81541FB7CF7B00D7572B /* AppDelegate.swift */,
				D06E81581FB7CF7B00D7572B /* Main.storyboard */,
				D06E815E1FB7CF7B00D7572B /* Assets.xcassets */,
				D06E81601FB7CF7B00D7572B /* LaunchScreen.storyboard */,
				D06E81631FB7CF7B00D7572B /* Info.plist */,
				D06E815B1FB7CF7B00D7572B /* Weather.xcdatamodeld */,
			);
			path = Weather;
			sourceTree = "<group>";
		};
		D06E81691FB7D07000D7572B /* Model */ = {
			isa = PBXGroup;
			children = (
				D06E816A1FB7D08300D7572B /* LocationModel.swift */,
				D06E816B1FB7D08300D7572B /* Weather.swift */,
			);
			path = Model;
			sourceTree = "<group>";
		};
		D06E81721FB7D79800D7572B /* Controller */ = {
			isa = PBXGroup;
			children = (
				D06E81731FB7D7C600D7572B /* MoreTableViewController.swift */,
				D06E81751FB7D83800D7572B /* CitiesTableViewCell.swift */,
				D06E81771FB7D87300D7572B /* AddTableViewCell.swift */,
				D06E81791FB7D89400D7572B /* AddLocationTableViewCell.swift */,
				D06E817B1FB7D8DC00D7572B /* LocationViewController.swift */,
				D06E817D1FB7D91C00D7572B /* WeatherViewController.swift */,
				D06E817F1FB7DF1A00D7572B /* PageViewController.swift */,
				D06E81811FB817B100D7572B /* ViewController.swift */,
				D04F71491FF5B9C7007BBFBB /* LocCellTableViewCell.swift */,
				D0FCAE6E1FF75C38003BD3D0 /* HourTableViewCell.swift */,
				D0FCAE701FF75C54003BD3D0 /* HourCollectionViewCell.swift */,
			);
			name = Controller;
			path = "New Group";
			sourceTree = "<group>";
		};
/* End PBXGroup section */

/* Begin PBXNativeTarget section */
		D06E81501FB7CF7B00D7572B /* Weather */ = {
			isa = PBXNativeTarget;
			buildConfigurationList = D06E81661FB7CF7B00D7572B /* Build configuration list for PBXNativeTarget "Weather" */;
			buildPhases = (
				D06E814D1FB7CF7B00D7572B /* Sources */,
				D06E814E1FB7CF7B00D7572B /* Frameworks */,
				D06E814F1FB7CF7B00D7572B /* Resources */,
			);
			buildRules = (
			);
			dependencies = (
			);
			name = Weather;
			productName = Weather;
			productReference = D06E81511FB7CF7B00D7572B /* Weather.app */;
			productType = "com.apple.product-type.application";
		};
/* End PBXNativeTarget section */

/* Begin PBXProject section */
		D06E81491FB7CF7B00D7572B /* Project object */ = {
			isa = PBXProject;
			attributes = {
				LastSwiftUpdateCheck = 0910;
				LastUpgradeCheck = 1020;
				ORGANIZATIONNAME = "Seneca college";
				TargetAttributes = {
					D06E81501FB7CF7B00D7572B = {
						CreatedOnToolsVersion = 9.1;
						ProvisioningStyle = Automatic;
					};
				};
			};
			buildConfigurationList = D06E814C1FB7CF7B00D7572B /* Build configuration list for PBXProject "Weather" */;
			compatibilityVersion = "Xcode 8.0";
			developmentRegion = en;
			hasScannedForEncodings = 0;
			knownRegions = (
				en,
				Base,
			);
			mainGroup = D06E81481FB7CF7B00D7572B;
			productRefGroup = D06E81521FB7CF7B00D7572B /* Products */;
			projectDirPath = "";
			projectRoot = "";
			targets = (
				D06E81501FB7CF7B00D7572B /* Weather */,
			);
		};
/* End PBXProject section */

/* Begin PBXResourcesBuildPhase section */
		D06E814F1FB7CF7B00D7572B /* Resources */ = {
			isa = PBXResourcesBuildPhase;
			buildActionMask = 2147483647;
			files = (
				D06E81621FB7CF7B00D7572B /* LaunchScreen.storyboard in Resources */,
				D06E815F1FB7CF7B00D7572B /* Assets.xcassets in Resources */,
				D06E815A1FB7CF7B00D7572B /* Main.storyboard in Resources */,
			);
			runOnlyForDeploymentPostprocessing = 0;
		};
/* End PBXResourcesBuildPhase section */

/* Begin PBXSourcesBuildPhase section */
		D06E814D1FB7CF7B00D7572B /* Sources */ = {
			isa = PBXSourcesBuildPhase;
			buildActionMask = 2147483647;
			files = (
				D06E81761FB7D83800D7572B /* CitiesTableViewCell.swift in Sources */,
				D06E817E1FB7D91C00D7572B /* WeatherViewController.swift in Sources */,
				D06E81801FB7DF1A00D7572B /* PageViewController.swift in Sources */,
				D0FCAE6F1FF75C38003BD3D0 /* HourTableViewCell.swift in Sources */,
				D0FCAE711FF75C54003BD3D0 /* HourCollectionViewCell.swift in Sources */,
				D06E816C1FB7D08300D7572B /* LocationModel.swift in Sources */,
				D06E81781FB7D87300D7572B /* AddTableViewCell.swift in Sources */,
				D06E815D1FB7CF7B00D7572B /* Weather.xcdatamodeld in Sources */,
				D06E81821FB817B100D7572B /* ViewController.swift in Sources */,
				D04F714A1FF5B9C7007BBFBB /* LocCellTableViewCell.swift in Sources */,
				D06E81551FB7CF7B00D7572B /* AppDelegate.swift in Sources */,
				D06E816D1FB7D08300D7572B /* Weather.swift in Sources */,
				D06E817C1FB7D8DC00D7572B /* LocationViewController.swift in Sources */,
				D06E817A1FB7D89400D7572B /* AddLocationTableViewCell.swift in Sources */,
				D06E81741FB7D7C600D7572B /* MoreTableViewController.swift in Sources */,
			);
			runOnlyForDeploymentPostprocessing = 0;
		};
/* End PBXSourcesBuildPhase section */

/* Begin PBXVariantGroup section */
		D06E81581FB7CF7B00D7572B /* Main.storyboard */ = {
			isa = PBXVariantGroup;
			children = (
				D06E81591FB7CF7B00D7572B /* Base */,
			);
			name = Main.storyboard;
			sourceTree = "<group>";
		};
		D06E81601FB7CF7B00D7572B /* LaunchScreen.storyboard */ = {
			isa = PBXVariantGroup;
			children = (
				D06E81611FB7CF7B00D7572B /* Base */,
			);
			name = LaunchScreen.storyboard;
			sourceTree = "<group>";
		};
/* End PBXVariantGroup section */

/* Begin XCBuildConfiguration section */
		D06E81641FB7CF7B00D7572B /* Debug */ = {
			isa = XCBuildConfiguration;
			buildSettings = {
				ALWAYS_SEARCH_USER_PATHS = NO;
				CLANG_ANALYZER_NONNULL = YES;
				CLANG_ANALYZER_NUMBER_OBJECT_CONVERSION = YES_AGGRESSIVE;
				CLANG_CXX_LANGUAGE_STANDARD = "gnu++14";
				CLANG_CXX_LIBRARY = "libc++";
				CLANG_ENABLE_MODULES = YES;
				CLANG_ENABLE_OBJC_ARC = YES;
				CLANG_WARN_BLOCK_CAPTURE_AUTORELEASING = YES;
				CLANG_WARN_BOOL_CONVERSION = YES;
				CLANG_WARN_COMMA = YES;
				CLANG_WARN_CONSTANT_CONVERSION = YES;
				CLANG_WARN_DEPRECATED_OBJC_IMPLEMENTATIONS = YES;
				CLANG_WARN_DIRECT_OBJC_ISA_USAGE = YES_ERROR;
				CLANG_WARN_DOCUMENTATION_COMMENTS = YES;
				CLANG_WARN_EMPTY_BODY = YES;
				CLANG_WARN_ENUM_CONVERSION = YES;
				CLANG_WARN_INFINITE_RECURSION = YES;
				CLANG_WARN_INT_CONVERSION = YES;
				CLANG_WARN_NON_LITERAL_NULL_CONVERSION = YES;
				CLANG_WARN_OBJC_IMPLICIT_RETAIN_SELF = YES;
				CLANG_WARN_OBJC_LITERAL_CONVERSION = YES;
				CLANG_WARN_OBJC_ROOT_CLASS = YES_ERROR;
				CLANG_WARN_RANGE_LOOP_ANALYSIS = YES;
				CLANG_WARN_STRICT_PROTOTYPES = YES;
				CLANG_WARN_SUSPICIOUS_MOVE = YES;
				CLANG_WARN_UNGUARDED_AVAILABILITY = YES_AGGRESSIVE;
				CLANG_WARN_UNREACHABLE_CODE = YES;
				CLANG_WARN__DUPLICATE_METHOD_MATCH = YES;
				CODE_SIGN_IDENTITY = "iPhone Developer";
				COPY_PHASE_STRIP = NO;
				DEBUG_INFORMATION_FORMAT = dwarf;
				ENABLE_STRICT_OBJC_MSGSEND = YES;
				ENABLE_TESTABILITY = YES;
				GCC_C_LANGUAGE_STANDARD = gnu11;
				GCC_DYNAMIC_NO_PIC = NO;
				GCC_NO_COMMON_BLOCKS = YES;
				GCC_OPTIMIZATION_LEVEL = 0;
				GCC_PREPROCESSOR_DEFINITIONS = (
					"DEBUG=1",
					"$(inherited)",
				);
				GCC_WARN_64_TO_32_BIT_CONVERSION = YES;
				GCC_WARN_ABOUT_RETURN_TYPE = YES_ERROR;
				GCC_WARN_UNDECLARED_SELECTOR = YES;
				GCC_WARN_UNINITIALIZED_AUTOS = YES_AGGRESSIVE;
				GCC_WARN_UNUSED_FUNCTION = YES;
				GCC_WARN_UNUSED_VARIABLE = YES;
				IPHONEOS_DEPLOYMENT_TARGET = 11.1;
				MTL_ENABLE_DEBUG_INFO = YES;
				ONLY_ACTIVE_ARCH = YES;
				SDKROOT = iphoneos;
				SWIFT_ACTIVE_COMPILATION_CONDITIONS = DEBUG;
				SWIFT_OPTIMIZATION_LEVEL = "-Onone";
			};
			name = Debug;
		};
		D06E81651FB7CF7B00D7572B /* Release */ = {
			isa = XCBuildConfiguration;
			buildSettings = {
				ALWAYS_SEARCH_USER_PATHS = NO;
				CLANG_ANALYZER_NONNULL = YES;
				CLANG_ANALYZER_NUMBER_OBJECT_CONVERSION = YES_AGGRESSIVE;
				CLANG_CXX_LANGUAGE_STANDARD = "gnu++14";
				CLANG_CXX_LIBRARY = "libc++";
				CLANG_ENABLE_MODULES = YES;
				CLANG_ENABLE_OBJC_ARC = YES;
				CLANG_WARN_BLOCK_CAPTURE_AUTORELEASING = YES;
				CLANG_WARN_BOOL_CONVERSION = YES;
				CLANG_WARN_COMMA = YES;
				CLANG_WARN_CONSTANT_CONVERSION = YES;
				CLANG_WARN_DEPRECATED_OBJC_IMPLEMENTATIONS = YES;
				CLANG_WARN_DIRECT_OBJC_ISA_USAGE = YES_ERROR;
				CLANG_WARN_DOCUMENTATION_COMMENTS = YES;
				CLANG_WARN_EMPTY_BODY = YES;
				CLANG_WARN_ENUM_CONVERSION = YES;
				CLANG_WARN_INFINITE_RECURSION = YES;
				CLANG_WARN_INT_CONVERSION = YES;
				CLANG_WARN_NON_LITERAL_NULL_CONVERSION = YES;
				CLANG_WARN_OBJC_IMPLICIT_RETAIN_SELF = YES;
				CLANG_WARN_OBJC_LITERAL_CONVERSION = YES;
				CLANG_WARN_OBJC_ROOT_CLASS = YES_ERROR;
				CLANG_WARN_RANGE_LOOP_ANALYSIS = YES;
				CLANG_WARN_STRICT_PROTOTYPES = YES;
				CLANG_WARN_SUSPICIOUS_MOVE = YES;
				CLANG_WARN_UNGUARDED_AVAILABILITY = YES_AGGRESSIVE;
				CLANG_WARN_UNREACHABLE_CODE = YES;
				CLANG_WARN__DUPLICATE_METHOD_MATCH = YES;
				CODE_SIGN_IDENTITY = "iPhone Developer";
				COPY_PHASE_STRIP = NO;
				DEBUG_INFORMATION_FORMAT = "dwarf-with-dsym";
				ENABLE_NS_ASSERTIONS = NO;
				ENABLE_STRICT_OBJC_MSGSEND = YES;
				GCC_C_LANGUAGE_STANDARD = gnu11;
				GCC_NO_COMMON_BLOCKS = YES;
				GCC_WARN_64_TO_32_BIT_CONVERSION = YES;
				GCC_WARN_ABOUT_RETURN_TYPE = YES_ERROR;
				GCC_WARN_UNDECLARED_SELECTOR = YES;
				GCC_WARN_UNINITIALIZED_AUTOS = YES_AGGRESSIVE;
				GCC_WARN_UNUSED_FUNCTION = YES;
				GCC_WARN_UNUSED_VARIABLE = YES;
				IPHONEOS_DEPLOYMENT_TARGET = 11.1;
				MTL_ENABLE_DEBUG_INFO = NO;
				SDKROOT = iphoneos;
				SWIFT_OPTIMIZATION_LEVEL = "-Owholemodule";
				VALIDATE_PRODUCT = YES;
			};
			name = Release;
		};
		D06E81671FB7CF7B00D7572B /* Debug */ = {
			isa = XCBuildConfiguration;
			buildSettings = {
				ASSETCATALOG_COMPILER_APPICON_NAME = AppIcon;
				CODE_SIGN_STYLE = Automatic;
				DEVELOPMENT_TEAM = F63Q93GR8G;
				INFOPLIST_FILE = Weather/Info.plist;
				LD_RUNPATH_SEARCH_PATHS = "$(inherited) @executable_path/Frameworks";
				PRODUCT_BUNDLE_IDENTIFIER = ca.seneca.mobiledev.student.Weather;
				PRODUCT_NAME = "$(TARGET_NAME)";
				SWIFT_VERSION = 4.0;
				TARGETED_DEVICE_FAMILY = "1,2";
			};
			name = Debug;
		};
		D06E81681FB7CF7B00D7572B /* Release */ = {
			isa = XCBuildConfiguration;
			buildSettings = {
				ASSETCATALOG_COMPILER_APPICON_NAME = AppIcon;
				CODE_SIGN_STYLE = Automatic;
				DEVELOPMENT_TEAM = F63Q93GR8G;
				INFOPLIST_FILE = Weather/Info.plist;
				LD_RUNPATH_SEARCH_PATHS = "$(inherited) @executable_path/Frameworks";
				PRODUCT_BUNDLE_IDENTIFIER = ca.seneca.mobiledev.student.Weather;
				PRODUCT_NAME = "$(TARGET_NAME)";
				SWIFT_VERSION = 4.0;
				TARGETED_DEVICE_FAMILY = "1,2";
			};
			name = Release;
		};
/* End XCBuildConfiguration section */

/* Begin XCConfigurationList section */
		D06E814C1FB7CF7B00D7572B /* Build configuration list for PBXProject "Weather" */ = {
			isa = XCConfigurationList;
			buildConfigurations = (
				D06E81641FB7CF7B00D7572B /* Debug */,
				D06E81651FB7CF7B00D7572B /* Release */,
			);
			defaultConfigurationIsVisible = 0;
			defaultConfigurationName = Release;
		};
		D06E81661FB7CF7B00D7572B /* Build configuration list for PBXNativeTarget "Weather" */ = {
			isa = XCConfigurationList;
			buildConfigurations = (
				D06E81671FB7CF7B00D7572B /* Debug */,
				D06E81681FB7CF7B00D7572B /* Release */,
			);
			defaultConfigurationIsVisible = 0;
			defaultConfigurationName = Release;
		};
/* End XCConfigurationList section */

/* Begin XCVersionGroup section */
		D06E815B1FB7CF7B00D7572B /* Weather.xcdatamodeld */ = {
			isa = XCVersionGroup;
			children = (
				D06E815C1FB7CF7B00D7572B /* Weather.xcdatamodel */,
			);
			currentVersion = D06E815C1FB7CF7B00D7572B /* Weather.xcdatamodel */;
			path = Weather.xcdatamodeld;
			sourceTree = "<group>";
			versionGroupType = wrapper.xcdatamodel;
		};
/* End XCVersionGroup section */
	};
	rootObject = D06E81491FB7CF7B00D7572B /* Project object */;
}
